
Microsoft Visual Studio Solution File, Format Version 12.00
# Visual Studio Version 17
VisualStudioVersion = 17.0.31903.59
MinimumVisualStudioVersion = 10.0.40219.1
Project("{2150E333-8FDC-42A3-9474-1A3956D46DE8}") = "src", "src", "{7FC40D06-B745-434B-BE15-61F366152C1B}"
EndProject
Project("{FAE04EC0-301F-11D3-BF4B-00C04F79EFBC}") = "Tables", "src\Tables\Tables.csproj", "{899C8A45-F978-41A5-9937-FA4D7B92453D}"
EndProject
Global
	GlobalSection(SolutionConfigurationPlatforms) = preSolution
		Debug|Any CPU = Debug|Any CPU
		Release|Any CPU = Release|Any CPU
	EndGlobalSection
	GlobalSection(SolutionProperties) = preSolution
		HideSolutionNode = FALSE
	EndGlobalSection
	GlobalSection(ProjectConfigurationPlatforms) = postSolution
		{899C8A45-F978-41A5-9937-FA4D7B92453D}.Debug|Any CPU.ActiveCfg = Debug|Any CPU
		{899C8A45-F978-41A5-9937-FA4D7B92453D}.Debug|Any CPU.Build.0 = Debug|Any CPU
		{899C8A45-F978-41A5-9937-FA4D7B92453D}.Release|Any CPU.ActiveCfg = Release|Any CPU
		{899C8A45-F978-41A5-9937-FA4D7B92453D}.Release|Any CPU.Build.0 = Release|Any CPU
	EndGlobalSection
	GlobalSection(NestedProjects) = preSolution
		{899C8A45-F978-41A5-9937-FA4D7B92453D} = {7FC40D06-B745-434B-BE15-61F366152C1B}
	EndGlobalSection
EndGlobal
